
Microsoft Visual Studio Solution File, Format Version 12.00
# Visual Studio Version 16
VisualStudioVersion = 16.0.31112.23
MinimumVisualStudioVersion = 10.0.40219.1
Project("{FAE04EC0-301F-11D3-BF4B-00C04F79EFBC}") = "carousel", "carousel\carousel.csproj", "{25666244-78C7-427E-B2F5-91C43E43142C}"
EndProject
Global
	GlobalSection(SolutionConfigurationPlatforms) = preSolution
		Debug|Any CPU = Debug|Any CPU
		Release|Any CPU = Release|Any CPU
	EndGlobalSection
	GlobalSection(ProjectConfigurationPlatforms) = postSolution
		{25666244-78C7-427E-B2F5-91C43E43142C}.Debug|Any CPU.ActiveCfg = Debug|Any CPU
		{25666244-78C7-427E-B2F5-91C43E43142C}.Debug|Any CPU.Build.0 = Debug|Any CPU
		{25666244-78C7-427E-B2F5-91C43E43142C}.Release|Any CPU.ActiveCfg = Release|Any CPU
		{25666244-78C7-427E-B2F5-91C43E43142C}.Release|Any CPU.Build.0 = Release|Any CPU
	EndGlobalSection
	GlobalSection(SolutionProperties) = preSolution
		HideSolutionNode = FALSE
	EndGlobalSection
	GlobalSection(ExtensibilityGlobals) = postSolution
		SolutionGuid = {07ECE81B-CE23-4B67-8426-62D9EB1A43E3}
	EndGlobalSection
EndGlobal
